
Microsoft Visual Studio Solution File, Format Version 12.00
# Visual Studio Version 16
VisualStudioVersion = 16.0.32413.511
MinimumVisualStudioVersion = 10.0.40219.1
Project("{FAE04EC0-301F-11D3-BF4B-00C04F79EFBC}") = "Exercicio7", "Exercicio7\Exercicio7.csproj", "{3D1D45B7-EC50-4F01-A9E2-E8E36EA6FAFE}"
EndProject
Global
	GlobalSection(SolutionConfigurationPlatforms) = preSolution
		Debug|Any CPU = Debug|Any CPU
		Release|Any CPU = Release|Any CPU
	EndGlobalSection
	GlobalSection(ProjectConfigurationPlatforms) = postSolution
		{3D1D45B7-EC50-4F01-A9E2-E8E36EA6FAFE}.Debug|Any CPU.ActiveCfg = Debug|Any CPU
		{3D1D45B7-EC50-4F01-A9E2-E8E36EA6FAFE}.Debug|Any CPU.Build.0 = Debug|Any CPU
		{3D1D45B7-EC50-4F01-A9E2-E8E36EA6FAFE}.Release|Any CPU.ActiveCfg = Release|Any CPU
		{3D1D45B7-EC50-4F01-A9E2-E8E36EA6FAFE}.Release|Any CPU.Build.0 = Release|Any CPU
	EndGlobalSection
	GlobalSection(SolutionProperties) = preSolution
		HideSolutionNode = FALSE
	EndGlobalSection
	GlobalSection(ExtensibilityGlobals) = postSolution
		SolutionGuid = {EA3C75F7-4386-443A-8F07-66298EA689DD}
	EndGlobalSection
EndGlobal
