
Microsoft Visual Studio Solution File, Format Version 12.00
# Visual Studio Version 16
VisualStudioVersion = 16.0.32413.511
MinimumVisualStudioVersion = 10.0.40219.1
Project("{FAE04EC0-301F-11D3-BF4B-00C04F79EFBC}") = "Exercicio2", "Exercicio2\Exercicio2.csproj", "{E1514DAA-3505-423C-9CCA-A44266D70F1D}"
EndProject
Global
	GlobalSection(SolutionConfigurationPlatforms) = preSolution
		Debug|Any CPU = Debug|Any CPU
		Release|Any CPU = Release|Any CPU
	EndGlobalSection
	GlobalSection(ProjectConfigurationPlatforms) = postSolution
		{E1514DAA-3505-423C-9CCA-A44266D70F1D}.Debug|Any CPU.ActiveCfg = Debug|Any CPU
		{E1514DAA-3505-423C-9CCA-A44266D70F1D}.Debug|Any CPU.Build.0 = Debug|Any CPU
		{E1514DAA-3505-423C-9CCA-A44266D70F1D}.Release|Any CPU.ActiveCfg = Release|Any CPU
		{E1514DAA-3505-423C-9CCA-A44266D70F1D}.Release|Any CPU.Build.0 = Release|Any CPU
	EndGlobalSection
	GlobalSection(SolutionProperties) = preSolution
		HideSolutionNode = FALSE
	EndGlobalSection
	GlobalSection(ExtensibilityGlobals) = postSolution
		SolutionGuid = {5B49CC00-044F-44B8-B196-1A0586FAF5E8}
	EndGlobalSection
EndGlobal
